
Microsoft Visual Studio Solution File, Format Version 12.00
# Visual Studio Version 17
VisualStudioVersion = 17.3.32922.545
MinimumVisualStudioVersion = 10.0.40219.1
Project("{FAE04EC0-301F-11D3-BF4B-00C04F79EFBC}") = "OldPhonePad_Project", "OldPhonePad_Project\OldPhonePad_Project.csproj", "{CFB64899-1517-4F18-8C7F-D4AD76F35474}"
EndProject
Global
	GlobalSection(SolutionConfigurationPlatforms) = preSolution
		Debug|Any CPU = Debug|Any CPU
		Release|Any CPU = Release|Any CPU
	EndGlobalSection
	GlobalSection(ProjectConfigurationPlatforms) = postSolution
		{CFB64899-1517-4F18-8C7F-D4AD76F35474}.Debug|Any CPU.ActiveCfg = Debug|Any CPU
		{CFB64899-1517-4F18-8C7F-D4AD76F35474}.Debug|Any CPU.Build.0 = Debug|Any CPU
		{CFB64899-1517-4F18-8C7F-D4AD76F35474}.Release|Any CPU.ActiveCfg = Release|Any CPU
		{CFB64899-1517-4F18-8C7F-D4AD76F35474}.Release|Any CPU.Build.0 = Release|Any CPU
	EndGlobalSection
	GlobalSection(SolutionProperties) = preSolution
		HideSolutionNode = FALSE
	EndGlobalSection
	GlobalSection(ExtensibilityGlobals) = postSolution
		SolutionGuid = {9A1D204A-A096-445B-88E4-E27950D9F3B9}
	EndGlobalSection
EndGlobal
